
Microsoft Visual Studio Solution File, Format Version 12.00
# Visual Studio Version 17
VisualStudioVersion = 17.2.32516.85
MinimumVisualStudioVersion = 10.0.40219.1
Project("{FAE04EC0-301F-11D3-BF4B-00C04F79EFBC}") = "TesteAvanade", "TesteAvanade\TesteAvanade.csproj", "{4B2DDFC7-CC9E-43F8-AAF0-2E5CBA119AEA}"
EndProject
Global
	GlobalSection(SolutionConfigurationPlatforms) = preSolution
		Debug|Any CPU = Debug|Any CPU
		Release|Any CPU = Release|Any CPU
	EndGlobalSection
	GlobalSection(ProjectConfigurationPlatforms) = postSolution
		{4B2DDFC7-CC9E-43F8-AAF0-2E5CBA119AEA}.Debug|Any CPU.ActiveCfg = Debug|Any CPU
		{4B2DDFC7-CC9E-43F8-AAF0-2E5CBA119AEA}.Debug|Any CPU.Build.0 = Debug|Any CPU
		{4B2DDFC7-CC9E-43F8-AAF0-2E5CBA119AEA}.Release|Any CPU.ActiveCfg = Release|Any CPU
		{4B2DDFC7-CC9E-43F8-AAF0-2E5CBA119AEA}.Release|Any CPU.Build.0 = Release|Any CPU
	EndGlobalSection
	GlobalSection(SolutionProperties) = preSolution
		HideSolutionNode = FALSE
	EndGlobalSection
	GlobalSection(ExtensibilityGlobals) = postSolution
		SolutionGuid = {224A9E2D-2577-4161-80F8-9DF1BFC21A89}
	EndGlobalSection
EndGlobal
